
Microsoft Visual Studio Solution File, Format Version 12.00
# Visual Studio Version 17
VisualStudioVersion = 17.4.33213.308
MinimumVisualStudioVersion = 10.0.40219.1
Project("{FAE04EC0-301F-11D3-BF4B-00C04F79EFBC}") = "CounterDI", "CounterDI\CounterDI.csproj", "{B15AA897-934D-4F60-B8E1-C3650996C86B}"
EndProject
Global
	GlobalSection(SolutionConfigurationPlatforms) = preSolution
		Debug|Any CPU = Debug|Any CPU
		Release|Any CPU = Release|Any CPU
	EndGlobalSection
	GlobalSection(ProjectConfigurationPlatforms) = postSolution
		{B15AA897-934D-4F60-B8E1-C3650996C86B}.Debug|Any CPU.ActiveCfg = Debug|Any CPU
		{B15AA897-934D-4F60-B8E1-C3650996C86B}.Debug|Any CPU.Build.0 = Debug|Any CPU
		{B15AA897-934D-4F60-B8E1-C3650996C86B}.Release|Any CPU.ActiveCfg = Release|Any CPU
		{B15AA897-934D-4F60-B8E1-C3650996C86B}.Release|Any CPU.Build.0 = Release|Any CPU
	EndGlobalSection
	GlobalSection(SolutionProperties) = preSolution
		HideSolutionNode = FALSE
	EndGlobalSection
	GlobalSection(ExtensibilityGlobals) = postSolution
		SolutionGuid = {A568F495-7720-416C-B964-ED4B0C12107E}
	EndGlobalSection
EndGlobal
